// !$*UTF8*$!
{
	archiveVersion = 1;
	classes = {
	};
	objectVersion = 51;
	objects = {

/* Begin PBXBuildFile section */
		3D710DED66BFB65184C4FAD8 /* Pods_firebase_login_swiftui.framework in Frameworks */ = {isa = PBXBuildFile; fileRef = E5993945DBA14F8A63C1BABE /* Pods_firebase_login_swiftui.framework */; };
		DE171CB6262C811D008C3C2A /* firebase_login_swiftuiApp.swift in Sources */ = {isa = PBXBuildFile; fileRef = DE171CB5262C811D008C3C2A /* firebase_login_swiftuiApp.swift */; };
		DE171CBA262C811D008C3C2A /* Assets.xcassets in Resources */ = {isa = PBXBuildFile; fileRef = DE171CB9262C811D008C3C2A /* Assets.xcassets */; };
		DE171CBD262C811D008C3C2A /* Preview Assets.xcassets in Resources */ = {isa = PBXBuildFile; fileRef = DE171CBC262C811D008C3C2A /* Preview Assets.xcassets */; };
		DE171CC6262C8261008C3C2A /* GoogleService-Info.plist in Resources */ = {isa = PBXBuildFile; fileRef = DE171CC5262C8261008C3C2A /* GoogleService-Info.plist */; };
		DE171CDC262C8516008C3C2A /* AppTitleView.swift in Sources */ = {isa = PBXBuildFile; fileRef = DE171CDB262C8516008C3C2A /* AppTitleView.swift */; };
		DE171CE0262C8844008C3C2A /* WelcomeView.swift in Sources */ = {isa = PBXBuildFile; fileRef = DE171CDF262C8844008C3C2A /* WelcomeView.swift */; };
		DE171CE3262C9023008C3C2A /* SignUpView.swift in Sources */ = {isa = PBXBuildFile; fileRef = DE171CE2262C9023008C3C2A /* SignUpView.swift */; };
		DE171CF5262C97E6008C3C2A /* Common.swift in Sources */ = {isa = PBXBuildFile; fileRef = DE171CF4262C97E6008C3C2A /* Common.swift */; };
		DE171CF9262C9855008C3C2A /* SignInView.swift in Sources */ = {isa = PBXBuildFile; fileRef = DE171CF8262C9855008C3C2A /* SignInView.swift */; };
/* End PBXBuildFile section */

/* Begin PBXFileReference section */
		621F8F07BBF938F67DC76E9C /* Pods-firebase-login-swiftui.debug.xcconfig */ = {isa = PBXFileReference; includeInIndex = 1; lastKnownFileType = text.xcconfig; name = "Pods-firebase-login-swiftui.debug.xcconfig"; path = "Target Support Files/Pods-firebase-login-swiftui/Pods-firebase-login-swiftui.debug.xcconfig"; sourceTree = "<group>"; };
		C1C0F738F71A16948692ECEF /* Pods-firebase-login-swiftui.release.xcconfig */ = {isa = PBXFileReference; includeInIndex = 1; lastKnownFileType = text.xcconfig; name = "Pods-firebase-login-swiftui.release.xcconfig"; path = "Target Support Files/Pods-firebase-login-swiftui/Pods-firebase-login-swiftui.release.xcconfig"; sourceTree = "<group>"; };
		DE171CB2262C811D008C3C2A /* firebase-login-swiftui.app */ = {isa = PBXFileReference; explicitFileType = wrapper.application; includeInIndex = 0; path = "firebase-login-swiftui.app"; sourceTree = BUILT_PRODUCTS_DIR; };
		DE171CB5262C811D008C3C2A /* firebase_login_swiftuiApp.swift */ = {isa = PBXFileReference; lastKnownFileType = sourcecode.swift; path = firebase_login_swiftuiApp.swift; sourceTree = "<group>"; };
		DE171CB9262C811D008C3C2A /* Assets.xcassets */ = {isa = PBXFileReference; lastKnownFileType = folder.assetcatalog; path = Assets.xcassets; sourceTree = "<group>"; };
		DE171CBC262C811D008C3C2A /* Preview Assets.xcassets */ = {isa = PBXFileReference; lastKnownFileType = folder.assetcatalog; path = "Preview Assets.xcassets"; sourceTree = "<group>"; };
		DE171CBE262C811D008C3C2A /* Info.plist */ = {isa = PBXFileReference; lastKnownFileType = text.plist.xml; path = Info.plist; sourceTree = "<group>"; };
		DE171CC5262C8261008C3C2A /* GoogleService-Info.plist */ = {isa = PBXFileReference; fileEncoding = 4; lastKnownFileType = text.plist.xml; path = "GoogleService-Info.plist"; sourceTree = "<group>"; };
		DE171CDB262C8516008C3C2A /* AppTitleView.swift */ = {isa = PBXFileReference; lastKnownFileType = sourcecode.swift; path = AppTitleView.swift; sourceTree = "<group>"; };
		DE171CDF262C8844008C3C2A /* WelcomeView.swift */ = {isa = PBXFileReference; lastKnownFileType = sourcecode.swift; path = WelcomeView.swift; sourceTree = "<group>"; };
		DE171CE2262C9023008C3C2A /* SignUpView.swift */ = {isa = PBXFileReference; lastKnownFileType = sourcecode.swift; path = SignUpView.swift; sourceTree = "<group>"; };
		DE171CF4262C97E6008C3C2A /* Common.swift */ = {isa = PBXFileReference; lastKnownFileType = sourcecode.swift; path = Common.swift; sourceTree = "<group>"; };
		DE171CF8262C9855008C3C2A /* SignInView.swift */ = {isa = PBXFileReference; lastKnownFileType = sourcecode.swift; path = SignInView.swift; sourceTree = "<group>"; };
		E5993945DBA14F8A63C1BABE /* Pods_firebase_login_swiftui.framework */ = {isa = PBXFileReference; explicitFileType = wrapper.framework; includeInIndex = 0; path = Pods_firebase_login_swiftui.framework; sourceTree = BUILT_PRODUCTS_DIR; };
/* End PBXFileReference section */

/* Begin PBXFrameworksBuildPhase section */
		DE171CAF262C811D008C3C2A /* Frameworks */ = {
			isa = PBXFrameworksBuildPhase;
			buildActionMask = 2147483647;
			files = (
				3D710DED66BFB65184C4FAD8 /* Pods_firebase_login_swiftui.framework in Frameworks */,
			);
			runOnlyForDeploymentPostprocessing = 0;
		};
/* End PBXFrameworksBuildPhase section */

/* Begin PBXGroup section */
		9A720F45531FFF055338EEDE /* Frameworks */ = {
			isa = PBXGroup;
			children = (
				E5993945DBA14F8A63C1BABE /* Pods_firebase_login_swiftui.framework */,
			);
			name = Frameworks;
			sourceTree = "<group>";
		};
		DE171CA9262C811C008C3C2A = {
			isa = PBXGroup;
			children = (
				DE171CB4262C811D008C3C2A /* firebase-login-swiftui */,
				DE171CB3262C811D008C3C2A /* Products */,
				F84BE63492F6063B5ED1FCB9 /* Pods */,
				9A720F45531FFF055338EEDE /* Frameworks */,
			);
			sourceTree = "<group>";
		};
		DE171CB3262C811D008C3C2A /* Products */ = {
			isa = PBXGroup;
			children = (
				DE171CB2262C811D008C3C2A /* firebase-login-swiftui.app */,
			);
			name = Products;
			sourceTree = "<group>";
		};
		DE171CB4262C811D008C3C2A /* firebase-login-swiftui */ = {
			isa = PBXGroup;
			children = (
				DE171CF3262C97D3008C3C2A /* Common */,
				DE171CD5262C84E1008C3C2A /* Screens */,
				DE171CB5262C811D008C3C2A /* firebase_login_swiftuiApp.swift */,
				DE171CB9262C811D008C3C2A /* Assets.xcassets */,
				DE171CC5262C8261008C3C2A /* GoogleService-Info.plist */,
				DE171CBE262C811D008C3C2A /* Info.plist */,
				DE171CBB262C811D008C3C2A /* Preview Content */,
			);
			path = "firebase-login-swiftui";
			sourceTree = "<group>";
		};
		DE171CBB262C811D008C3C2A /* Preview Content */ = {
			isa = PBXGroup;
			children = (
				DE171CBC262C811D008C3C2A /* Preview Assets.xcassets */,
			);
			path = "Preview Content";
			sourceTree = "<group>";
		};
		DE171CD5262C84E1008C3C2A /* Screens */ = {
			isa = PBXGroup;
			children = (
				DE171CDB262C8516008C3C2A /* AppTitleView.swift */,
				DE171CDF262C8844008C3C2A /* WelcomeView.swift */,
				DE171CE2262C9023008C3C2A /* SignUpView.swift */,
				DE171CF8262C9855008C3C2A /* SignInView.swift */,
			);
			path = Screens;
			sourceTree = "<group>";
		};
		DE171CF3262C97D3008C3C2A /* Common */ = {
			isa = PBXGroup;
			children = (
				DE171CF4262C97E6008C3C2A /* Common.swift */,
			);
			path = Common;
			sourceTree = "<group>";
		};
		F84BE63492F6063B5ED1FCB9 /* Pods */ = {
			isa = PBXGroup;
			children = (
				621F8F07BBF938F67DC76E9C /* Pods-firebase-login-swiftui.debug.xcconfig */,
				C1C0F738F71A16948692ECEF /* Pods-firebase-login-swiftui.release.xcconfig */,
			);
			path = Pods;
			sourceTree = "<group>";
		};
/* End PBXGroup section */

/* Begin PBXNativeTarget section */
		DE171CB1262C811D008C3C2A /* firebase-login-swiftui */ = {
			isa = PBXNativeTarget;
			buildConfigurationList = DE171CC1262C811D008C3C2A /* Build configuration list for PBXNativeTarget "firebase-login-swiftui" */;
			buildPhases = (
				05E8288D8F5975F098EDA9A3 /* [CP] Check Pods Manifest.lock */,
				DE171CAE262C811D008C3C2A /* Sources */,
				DE171CAF262C811D008C3C2A /* Frameworks */,
				DE171CB0262C811D008C3C2A /* Resources */,
				367636BC0C5DDC78DA922723 /* [CP] Embed Pods Frameworks */,
			);
			buildRules = (
			);
			dependencies = (
			);
			name = "firebase-login-swiftui";
			productName = "firebase-login-swiftui";
			productReference = DE171CB2262C811D008C3C2A /* firebase-login-swiftui.app */;
			productType = "com.apple.product-type.application";
		};
/* End PBXNativeTarget section */

/* Begin PBXProject section */
		DE171CAA262C811C008C3C2A /* Project object */ = {
			isa = PBXProject;
			attributes = {
				LastSwiftUpdateCheck = 1240;
				LastUpgradeCheck = 1240;
				TargetAttributes = {
					DE171CB1262C811D008C3C2A = {
						CreatedOnToolsVersion = 12.4;
					};
				};
			};
			buildConfigurationList = DE171CAD262C811C008C3C2A /* Build configuration list for PBXProject "firebase-login-swiftui" */;
			compatibilityVersion = "Xcode 9.3";
			developmentRegion = en;
			hasScannedForEncodings = 0;
			knownRegions = (
				en,
				Base,
			);
			mainGroup = DE171CA9262C811C008C3C2A;
			productRefGroup = DE171CB3262C811D008C3C2A /* Products */;
			projectDirPath = "";
			projectRoot = "";
			targets = (
				DE171CB1262C811D008C3C2A /* firebase-login-swiftui */,
			);
		};
/* End PBXProject section */

/* Begin PBXResourcesBuildPhase section */
		DE171CB0262C811D008C3C2A /* Resources */ = {
			isa = PBXResourcesBuildPhase;
			buildActionMask = 2147483647;
			files = (
				DE171CBD262C811D008C3C2A /* Preview Assets.xcassets in Resources */,
				DE171CBA262C811D008C3C2A /* Assets.xcassets in Resources */,
				DE171CC6262C8261008C3C2A /* GoogleService-Info.plist in Resources */,
			);
			runOnlyForDeploymentPostprocessing = 0;
		};
/* End PBXResourcesBuildPhase section */

/* Begin PBXShellScriptBuildPhase section */
		05E8288D8F5975F098EDA9A3 /* [CP] Check Pods Manifest.lock */ = {
			isa = PBXShellScriptBuildPhase;
			buildActionMask = 2147483647;
			files = (
			);
			inputFileListPaths = (
			);
			inputPaths = (
				"${PODS_PODFILE_DIR_PATH}/Podfile.lock",
				"${PODS_ROOT}/Manifest.lock",
			);
			name = "[CP] Check Pods Manifest.lock";
			outputFileListPaths = (
			);
			outputPaths = (
				"$(DERIVED_FILE_DIR)/Pods-firebase-login-swiftui-checkManifestLockResult.txt",
			);
			runOnlyForDeploymentPostprocessing = 0;
			shellPath = /bin/sh;
			shellScript = "diff \"${PODS_PODFILE_DIR_PATH}/Podfile.lock\" \"${PODS_ROOT}/Manifest.lock\" > /dev/null\nif [ $? != 0 ] ; then\n    # print error to STDERR\n    echo \"error: The sandbox is not in sync with the Podfile.lock. Run 'pod install' or update your CocoaPods installation.\" >&2\n    exit 1\nfi\n# This output is used by Xcode 'outputs' to avoid re-running this script phase.\necho \"SUCCESS\" > \"${SCRIPT_OUTPUT_FILE_0}\"\n";
			showEnvVarsInLog = 0;
		};
		367636BC0C5DDC78DA922723 /* [CP] Embed Pods Frameworks */ = {
			isa = PBXShellScriptBuildPhase;
			buildActionMask = 2147483647;
			files = (
			);
			inputFileListPaths = (
				"${PODS_ROOT}/Target Support Files/Pods-firebase-login-swiftui/Pods-firebase-login-swiftui-frameworks-${CONFIGURATION}-input-files.xcfilelist",
			);
			name = "[CP] Embed Pods Frameworks";
			outputFileListPaths = (
				"${PODS_ROOT}/Target Support Files/Pods-firebase-login-swiftui/Pods-firebase-login-swiftui-frameworks-${CONFIGURATION}-output-files.xcfilelist",
			);
			runOnlyForDeploymentPostprocessing = 0;
			shellPath = /bin/sh;
			shellScript = "\"${PODS_ROOT}/Target Support Files/Pods-firebase-login-swiftui/Pods-firebase-login-swiftui-frameworks.sh\"\n";
			showEnvVarsInLog = 0;
		};
/* End PBXShellScriptBuildPhase section */

/* Begin PBXSourcesBuildPhase section */
		DE171CAE262C811D008C3C2A /* Sources */ = {
			isa = PBXSourcesBuildPhase;
			buildActionMask = 2147483647;
			files = (
				DE171CF9262C9855008C3C2A /* SignInView.swift in Sources */,
				DE171CE3262C9023008C3C2A /* SignUpView.swift in Sources */,
				DE171CB6262C811D008C3C2A /* firebase_login_swiftuiApp.swift in Sources */,
				DE171CE0262C8844008C3C2A /* WelcomeView.swift in Sources */,
				DE171CF5262C97E6008C3C2A /* Common.swift in Sources */,
				DE171CDC262C8516008C3C2A /* AppTitleView.swift in Sources */,
			);
			runOnlyForDeploymentPostprocessing = 0;
		};
/* End PBXSourcesBuildPhase section */

/* Begin XCBuildConfiguration section */
		DE171CBF262C811D008C3C2A /* Debug */ = {
			isa = XCBuildConfiguration;
			buildSettings = {
				ALWAYS_SEARCH_USER_PATHS = NO;
				CLANG_ANALYZER_NONNULL = YES;
				CLANG_ANALYZER_NUMBER_OBJECT_CONVERSION = YES_AGGRESSIVE;
				CLANG_CXX_LANGUAGE_STANDARD = "gnu++14";
				CLANG_CXX_LIBRARY = "libc++";
				CLANG_ENABLE_MODULES = YES;
				CLANG_ENABLE_OBJC_ARC = YES;
				CLANG_ENABLE_OBJC_WEAK = YES;
				CLANG_WARN_BLOCK_CAPTURE_AUTORELEASING = YES;
				CLANG_WARN_BOOL_CONVERSION = YES;
				CLANG_WARN_COMMA = YES;
				CLANG_WARN_CONSTANT_CONVERSION = YES;
				CLANG_WARN_DEPRECATED_OBJC_IMPLEMENTATIONS = YES;
				CLANG_WARN_DIRECT_OBJC_ISA_USAGE = YES_ERROR;
				CLANG_WARN_DOCUMENTATION_COMMENTS = YES;
				CLANG_WARN_EMPTY_BODY = YES;
				CLANG_WARN_ENUM_CONVERSION = YES;
				CLANG_WARN_INFINITE_RECURSION = YES;
				CLANG_WARN_INT_CONVERSION = YES;
				CLANG_WARN_NON_LITERAL_NULL_CONVERSION = YES;
				CLANG_WARN_OBJC_IMPLICIT_RETAIN_SELF = YES;
				CLANG_WARN_OBJC_LITERAL_CONVERSION = YES;
				CLANG_WARN_OBJC_ROOT_CLASS = YES_ERROR;
				CLANG_WARN_QUOTED_INCLUDE_IN_FRAMEWORK_HEADER = YES;
				CLANG_WARN_RANGE_LOOP_ANALYSIS = YES;
				CLANG_WARN_STRICT_PROTOTYPES = YES;
				CLANG_WARN_SUSPICIOUS_MOVE = YES;
				CLANG_WARN_UNGUARDED_AVAILABILITY = YES_AGGRESSIVE;
				CLANG_WARN_UNREACHABLE_CODE = YES;
				CLANG_WARN__DUPLICATE_METHOD_MATCH = YES;
				COPY_PHASE_STRIP = NO;
				DEBUG_INFORMATION_FORMAT = dwarf;
				ENABLE_STRICT_OBJC_MSGSEND = YES;
				ENABLE_TESTABILITY = YES;
				GCC_C_LANGUAGE_STANDARD = gnu11;
				GCC_DYNAMIC_NO_PIC = NO;
				GCC_NO_COMMON_BLOCKS = YES;
				GCC_OPTIMIZATION_LEVEL = 0;
				GCC_PREPROCESSOR_DEFINITIONS = (
					"DEBUG=1",
					"$(inherited)",
				);
				GCC_WARN_64_TO_32_BIT_CONVERSION = YES;
				GCC_WARN_ABOUT_RETURN_TYPE = YES_ERROR;
				GCC_WARN_UNDECLARED_SELECTOR = YES;
				GCC_WARN_UNINITIALIZED_AUTOS = YES_AGGRESSIVE;
				GCC_WARN_UNUSED_FUNCTION = YES;
				GCC_WARN_UNUSED_VARIABLE = YES;
				IPHONEOS_DEPLOYMENT_TARGET = 14.4;
				MTL_ENABLE_DEBUG_INFO = INCLUDE_SOURCE;
				MTL_FAST_MATH = YES;
				ONLY_ACTIVE_ARCH = YES;
				SDKROOT = iphoneos;
				SWIFT_ACTIVE_COMPILATION_CONDITIONS = DEBUG;
				SWIFT_OPTIMIZATION_LEVEL = "-Onone";
			};
			name = Debug;
		};
		DE171CC0262C811D008C3C2A /* Release */ = {
			isa = XCBuildConfiguration;
			buildSettings = {
				ALWAYS_SEARCH_USER_PATHS = NO;
				CLANG_ANALYZER_NONNULL = YES;
				CLANG_ANALYZER_NUMBER_OBJECT_CONVERSION = YES_AGGRESSIVE;
				CLANG_CXX_LANGUAGE_STANDARD = "gnu++14";
				CLANG_CXX_LIBRARY = "libc++";
				CLANG_ENABLE_MODULES = YES;
				CLANG_ENABLE_OBJC_ARC = YES;
				CLANG_ENABLE_OBJC_WEAK = YES;
				CLANG_WARN_BLOCK_CAPTURE_AUTORELEASING = YES;
				CLANG_WARN_BOOL_CONVERSION = YES;
				CLANG_WARN_COMMA = YES;
				CLANG_WARN_CONSTANT_CONVERSION = YES;
				CLANG_WARN_DEPRECATED_OBJC_IMPLEMENTATIONS = YES;
				CLANG_WARN_DIRECT_OBJC_ISA_USAGE = YES_ERROR;
				CLANG_WARN_DOCUMENTATION_COMMENTS = YES;
				CLANG_WARN_EMPTY_BODY = YES;
				CLANG_WARN_ENUM_CONVERSION = YES;
				CLANG_WARN_INFINITE_RECURSION = YES;
				CLANG_WARN_INT_CONVERSION = YES;
				CLANG_WARN_NON_LITERAL_NULL_CONVERSION = YES;
				CLANG_WARN_OBJC_IMPLICIT_RETAIN_SELF = YES;
				CLANG_WARN_OBJC_LITERAL_CONVERSION = YES;
				CLANG_WARN_OBJC_ROOT_CLASS = YES_ERROR;
				CLANG_WARN_QUOTED_INCLUDE_IN_FRAMEWORK_HEADER = YES;
				CLANG_WARN_RANGE_LOOP_ANALYSIS = YES;
				CLANG_WARN_STRICT_PROTOTYPES = YES;
				CLANG_WARN_SUSPICIOUS_MOVE = YES;
				CLANG_WARN_UNGUARDED_AVAILABILITY = YES_AGGRESSIVE;
				CLANG_WARN_UNREACHABLE_CODE = YES;
				CLANG_WARN__DUPLICATE_METHOD_MATCH = YES;
				COPY_PHASE_STRIP = NO;
				DEBUG_INFORMATION_FORMAT = "dwarf-with-dsym";
				ENABLE_NS_ASSERTIONS = NO;
				ENABLE_STRICT_OBJC_MSGSEND = YES;
				GCC_C_LANGUAGE_STANDARD = gnu11;
				GCC_NO_COMMON_BLOCKS = YES;
				GCC_WARN_64_TO_32_BIT_CONVERSION = YES;
				GCC_WARN_ABOUT_RETURN_TYPE = YES_ERROR;
				GCC_WARN_UNDECLARED_SELECTOR = YES;
				GCC_WARN_UNINITIALIZED_AUTOS = YES_AGGRESSIVE;
				GCC_WARN_UNUSED_FUNCTION = YES;
				GCC_WARN_UNUSED_VARIABLE = YES;
				IPHONEOS_DEPLOYMENT_TARGET = 14.4;
				MTL_ENABLE_DEBUG_INFO = NO;
				MTL_FAST_MATH = YES;
				SDKROOT = iphoneos;
				SWIFT_COMPILATION_MODE = wholemodule;
				SWIFT_OPTIMIZATION_LEVEL = "-O";
				VALIDATE_PRODUCT = YES;
			};
			name = Release;
		};
		DE171CC2262C811D008C3C2A /* Debug */ = {
			isa = XCBuildConfiguration;
			baseConfigurationReference = 621F8F07BBF938F67DC76E9C /* Pods-firebase-login-swiftui.debug.xcconfig */;
			buildSettings = {
				ASSETCATALOG_COMPILER_APPICON_NAME = AppIcon;
				ASSETCATALOG_COMPILER_GLOBAL_ACCENT_COLOR_NAME = AccentColor;
				CODE_SIGN_STYLE = Automatic;
				DEVELOPMENT_ASSET_PATHS = "\"firebase-login-swiftui/Preview Content\"";
				DEVELOPMENT_TEAM = K9NX8LXSHV;
				ENABLE_PREVIEWS = YES;
				INFOPLIST_FILE = "firebase-login-swiftui/Info.plist";
				IPHONEOS_DEPLOYMENT_TARGET = 14.0;
				LD_RUNPATH_SEARCH_PATHS = (
					"$(inherited)",
					"@executable_path/Frameworks",
				);
				PRODUCT_BUNDLE_IDENTIFIER = "com.acarolsf.apps.firebase-login-swiftui";
				PRODUCT_NAME = "$(TARGET_NAME)";
				SWIFT_VERSION = 5.0;
				TARGETED_DEVICE_FAMILY = "1,2";
			};
			name = Debug;
		};
		DE171CC3262C811D008C3C2A /* Release */ = {
			isa = XCBuildConfiguration;
			baseConfigurationReference = C1C0F738F71A16948692ECEF /* Pods-firebase-login-swiftui.release.xcconfig */;
			buildSettings = {
				ASSETCATALOG_COMPILER_APPICON_NAME = AppIcon;
				ASSETCATALOG_COMPILER_GLOBAL_ACCENT_COLOR_NAME = AccentColor;
				CODE_SIGN_STYLE = Automatic;
				DEVELOPMENT_ASSET_PATHS = "\"firebase-login-swiftui/Preview Content\"";
				DEVELOPMENT_TEAM = K9NX8LXSHV;
				ENABLE_PREVIEWS = YES;
				INFOPLIST_FILE = "firebase-login-swiftui/Info.plist";
				IPHONEOS_DEPLOYMENT_TARGET = 14.0;
				LD_RUNPATH_SEARCH_PATHS = (
					"$(inherited)",
					"@executable_path/Frameworks",
				);
				PRODUCT_BUNDLE_IDENTIFIER = "com.acarolsf.apps.firebase-login-swiftui";
				PRODUCT_NAME = "$(TARGET_NAME)";
				SWIFT_VERSION = 5.0;
				TARGETED_DEVICE_FAMILY = "1,2";
			};
			name = Release;
		};
/* End XCBuildConfiguration section */

/* Begin XCConfigurationList section */
		DE171CAD262C811C008C3C2A /* Build configuration list for PBXProject "firebase-login-swiftui" */ = {
			isa = XCConfigurationList;
			buildConfigurations = (
				DE171CBF262C811D008C3C2A /* Debug */,
				DE171CC0262C811D008C3C2A /* Release */,
			);
			defaultConfigurationIsVisible = 0;
			defaultConfigurationName = Release;
		};
		DE171CC1262C811D008C3C2A /* Build configuration list for PBXNativeTarget "firebase-login-swiftui" */ = {
			isa = XCConfigurationList;
			buildConfigurations = (
				DE171CC2262C811D008C3C2A /* Debug */,
				DE171CC3262C811D008C3C2A /* Release */,
			);
			defaultConfigurationIsVisible = 0;
			defaultConfigurationName = Release;
		};
/* End XCConfigurationList section */
	};
	rootObject = DE171CAA262C811C008C3C2A /* Project object */;
}
